// !$*UTF8*$!
{
	archiveVersion = 1;
	classes = {
	};
	objectVersion = 46;
	objects = {

/* Begin PBXBuildFile section */
		4D1095621BFC92390057A343 /* AppDelegate.swift in Sources */ = {isa = PBXBuildFile; fileRef = 4D1095611BFC92390057A343 /* AppDelegate.swift */; };
		4D1095641BFC92390057A343 /* ViewController.swift in Sources */ = {isa = PBXBuildFile; fileRef = 4D1095631BFC92390057A343 /* ViewController.swift */; };
		4D1095671BFC92390057A343 /* Main.storyboard in Resources */ = {isa = PBXBuildFile; fileRef = 4D1095651BFC92390057A343 /* Main.storyboard */; };
		4D1095691BFC92390057A343 /* Assets.xcassets in Resources */ = {isa = PBXBuildFile; fileRef = 4D1095681BFC92390057A343 /* Assets.xcassets */; };
		4D10956C1BFC92390057A343 /* LaunchScreen.storyboard in Resources */ = {isa = PBXBuildFile; fileRef = 4D10956A1BFC92390057A343 /* LaunchScreen.storyboard */; };
/* End PBXBuildFile section */

/* Begin PBXFileReference section */
		4D10955E1BFC92390057A343 /* Supercool.app */ = {isa = PBXFileReference; explicitFileType = wrapper.application; includeInIndex = 0; path = Supercool.app; sourceTree = BUILT_PRODUCTS_DIR; };
		4D1095611BFC92390057A343 /* AppDelegate.swift */ = {isa = PBXFileReference; lastKnownFileType = sourcecode.swift; path = AppDelegate.swift; sourceTree = "<group>"; };
		4D1095631BFC92390057A343 /* ViewController.swift */ = {isa = PBXFileReference; lastKnownFileType = sourcecode.swift; path = ViewController.swift; sourceTree = "<group>"; };
		4D1095661BFC92390057A343 /* Base */ = {isa = PBXFileReference; lastKnownFileType = file.storyboard; name = Base; path = Base.lproj/Main.storyboard; sourceTree = "<group>"; };
		4D1095681BFC92390057A343 /* Assets.xcassets */ = {isa = PBXFileReference; lastKnownFileType = folder.assetcatalog; path = Assets.xcassets; sourceTree = "<group>"; };
		4D10956B1BFC92390057A343 /* Base */ = {isa = PBXFileReference; lastKnownFileType = file.storyboard; name = Base; path = Base.lproj/LaunchScreen.storyboard; sourceTree = "<group>"; };
		4D10956D1BFC92390057A343 /* Info.plist */ = {isa = PBXFileReference; lastKnownFileType = text.plist.xml; path = Info.plist; sourceTree = "<group>"; };
/* End PBXFileReference section */

/* Begin PBXFrameworksBuildPhase section */
		4D10955B1BFC92390057A343 /* Frameworks */ = {
			isa = PBXFrameworksBuildPhase;
			buildActionMask = 2147483647;
			files = (
			);
			runOnlyForDeploymentPostprocessing = 0;
		};
/* End PBXFrameworksBuildPhase section */

/* Begin PBXGroup section */
		4D1095551BFC92390057A343 = {
			isa = PBXGroup;
			children = (
				4D1095601BFC92390057A343 /* Supercool */,
				4D10955F1BFC92390057A343 /* Products */,
			);
			sourceTree = "<group>";
		};
		4D10955F1BFC92390057A343 /* Products */ = {
			isa = PBXGroup;
			children = (
				4D10955E1BFC92390057A343 /* Supercool.app */,
			);
			name = Products;
			sourceTree = "<group>";
		};
		4D1095601BFC92390057A343 /* Supercool */ = {
			isa = PBXGroup;
			children = (
				4D1095611BFC92390057A343 /* AppDelegate.swift */,
				4D1095631BFC92390057A343 /* ViewController.swift */,
				4D1095651BFC92390057A343 /* Main.storyboard */,
				4D1095681BFC92390057A343 /* Assets.xcassets */,
				4D10956A1BFC92390057A343 /* LaunchScreen.storyboard */,
				4D10956D1BFC92390057A343 /* Info.plist */,
			);
			path = Supercool;
			sourceTree = "<group>";
		};
/* End PBXGroup section */

/* Begin PBXNativeTarget section */
		4D10955D1BFC92390057A343 /* Supercool */ = {
			isa = PBXNativeTarget;
			buildConfigurationList = 4D1095701BFC92390057A343 /* Build configuration list for PBXNativeTarget "Supercool" */;
			buildPhases = (
				4D10955A1BFC92390057A343 /* Sources */,
				4D10955B1BFC92390057A343 /* Frameworks */,
				4D10955C1BFC92390057A343 /* Resources */,
			);
			buildRules = (
			);
			dependencies = (
			);
			name = Supercool;
			productName = Supercool;
			productReference = 4D10955E1BFC92390057A343 /* Supercool.app */;
			productType = "com.apple.product-type.application";
		};
/* End PBXNativeTarget section */

/* Begin PBXProject section */
		4D1095561BFC92390057A343 /* Project object */ = {
			isa = PBXProject;
			attributes = {
				LastSwiftUpdateCheck = 0710;
				LastUpgradeCheck = 0710;
				ORGANIZATIONNAME = "Shimmy Morris";
				TargetAttributes = {
					4D10955D1BFC92390057A343 = {
						CreatedOnToolsVersion = 7.1.1;
					};
				};
			};
			buildConfigurationList = 4D1095591BFC92390057A343 /* Build configuration list for PBXProject "Supercool" */;
			compatibilityVersion = "Xcode 3.2";
			developmentRegion = English;
			hasScannedForEncodings = 0;
			knownRegions = (
				en,
				Base,
			);
			mainGroup = 4D1095551BFC92390057A343;
			productRefGroup = 4D10955F1BFC92390057A343 /* Products */;
			projectDirPath = "";
			projectRoot = "";
			targets = (
				4D10955D1BFC92390057A343 /* Supercool */,
			);
		};
/* End PBXProject section */

/* Begin PBXResourcesBuildPhase section */
		4D10955C1BFC92390057A343 /* Resources */ = {
			isa = PBXResourcesBuildPhase;
			buildActionMask = 2147483647;
			files = (
				4D10956C1BFC92390057A343 /* LaunchScreen.storyboard in Resources */,
				4D1095691BFC92390057A343 /* Assets.xcassets in Resources */,
				4D1095671BFC92390057A343 /* Main.storyboard in Resources */,
			);
			runOnlyForDeploymentPostprocessing = 0;
		};
/* End PBXResourcesBuildPhase section */

/* Begin PBXSourcesBuildPhase section */
		4D10955A1BFC92390057A343 /* Sources */ = {
			isa = PBXSourcesBuildPhase;
			buildActionMask = 2147483647;
			files = (
				4D1095641BFC92390057A343 /* ViewController.swift in Sources */,
				4D1095621BFC92390057A343 /* AppDelegate.swift in Sources */,
			);
			runOnlyForDeploymentPostprocessing = 0;
		};
/* End PBXSourcesBuildPhase section */

/* Begin PBXVariantGroup section */
		4D1095651BFC92390057A343 /* Main.storyboard */ = {
			isa = PBXVariantGroup;
			children = (
				4D1095661BFC92390057A343 /* Base */,
			);
			name = Main.storyboard;
			sourceTree = "<group>";
		};
		4D10956A1BFC92390057A343 /* LaunchScreen.storyboard */ = {
			isa = PBXVariantGroup;
			children = (
				4D10956B1BFC92390057A343 /* Base */,
			);
			name = LaunchScreen.storyboard;
			sourceTree = "<group>";
		};
/* End PBXVariantGroup section */

/* Begin XCBuildConfiguration section */
		4D10956E1BFC92390057A343 /* Debug */ = {
			isa = XCBuildConfiguration;
			buildSettings = {
				ALWAYS_SEARCH_USER_PATHS = NO;
				CLANG_CXX_LANGUAGE_STANDARD = "gnu++0x";
				CLANG_CXX_LIBRARY = "libc++";
				CLANG_ENABLE_MODULES = YES;
				CLANG_ENABLE_OBJC_ARC = YES;
				CLANG_WARN_BOOL_CONVERSION = YES;
				CLANG_WARN_CONSTANT_CONVERSION = YES;
				CLANG_WARN_DIRECT_OBJC_ISA_USAGE = YES_ERROR;
				CLANG_WARN_EMPTY_BODY = YES;
				CLANG_WARN_ENUM_CONVERSION = YES;
				CLANG_WARN_INT_CONVERSION = YES;
				CLANG_WARN_OBJC_ROOT_CLASS = YES_ERROR;
				CLANG_WARN_UNREACHABLE_CODE = YES;
				CLANG_WARN__DUPLICATE_METHOD_MATCH = YES;
				"CODE_SIGN_IDENTITY[sdk=iphoneos*]" = "iPhone Developer";
				COPY_PHASE_STRIP = NO;
				DEBUG_INFORMATION_FORMAT = dwarf;
				ENABLE_STRICT_OBJC_MSGSEND = YES;
				ENABLE_TESTABILITY = YES;
				GCC_C_LANGUAGE_STANDARD = gnu99;
				GCC_DYNAMIC_NO_PIC = NO;
				GCC_NO_COMMON_BLOCKS = YES;
				GCC_OPTIMIZATION_LEVEL = 0;
				GCC_PREPROCESSOR_DEFINITIONS = (
					"DEBUG=1",
					"$(inherited)",
				);
				GCC_WARN_64_TO_32_BIT_CONVERSION = YES;
				GCC_WARN_ABOUT_RETURN_TYPE = YES_ERROR;
				GCC_WARN_UNDECLARED_SELECTOR = YES;
				GCC_WARN_UNINITIALIZED_AUTOS = YES_AGGRESSIVE;
				GCC_WARN_UNUSED_FUNCTION = YES;
				GCC_WARN_UNUSED_VARIABLE = YES;
				IPHONEOS_DEPLOYMENT_TARGET = 9.1;
				MTL_ENABLE_DEBUG_INFO = YES;
				ONLY_ACTIVE_ARCH = YES;
				SDKROOT = iphoneos;
				SWIFT_OPTIMIZATION_LEVEL = "-Onone";
			};
			name = Debug;
		};
		4D10956F1BFC92390057A343 /* Release */ = {
			isa = XCBuildConfiguration;
			buildSettings = {
				ALWAYS_SEARCH_USER_PATHS = NO;
				CLANG_CXX_LANGUAGE_STANDARD = "gnu++0x";
				CLANG_CXX_LIBRARY = "libc++";
				CLANG_ENABLE_MODULES = YES;
				CLANG_ENABLE_OBJC_ARC = YES;
				CLANG_WARN_BOOL_CONVERSION = YES;
				CLANG_WARN_CONSTANT_CONVERSION = YES;
				CLANG_WARN_DIRECT_OBJC_ISA_USAGE = YES_ERROR;
				CLANG_WARN_EMPTY_BODY = YES;
				CLANG_WARN_ENUM_CONVERSION = YES;
				CLANG_WARN_INT_CONVERSION = YES;
				CLANG_WARN_OBJC_ROOT_CLASS = YES_ERROR;
				CLANG_WARN_UNREACHABLE_CODE = YES;
				CLANG_WARN__DUPLICATE_METHOD_MATCH = YES;
				"CODE_SIGN_IDENTITY[sdk=iphoneos*]" = "iPhone Developer";
				COPY_PHASE_STRIP = NO;
				DEBUG_INFORMATION_FORMAT = "dwarf-with-dsym";
				ENABLE_NS_ASSERTIONS = NO;
				ENABLE_STRICT_OBJC_MSGSEND = YES;
				GCC_C_LANGUAGE_STANDARD = gnu99;
				GCC_NO_COMMON_BLOCKS = YES;
				GCC_WARN_64_TO_32_BIT_CONVERSION = YES;
				GCC_WARN_ABOUT_RETURN_TYPE = YES_ERROR;
				GCC_WARN_UNDECLARED_SELECTOR = YES;
				GCC_WARN_UNINITIALIZED_AUTOS = YES_AGGRESSIVE;
				GCC_WARN_UNUSED_FUNCTION = YES;
				GCC_WARN_UNUSED_VARIABLE = YES;
				IPHONEOS_DEPLOYMENT_TARGET = 9.1;
				MTL_ENABLE_DEBUG_INFO = NO;
				SDKROOT = iphoneos;
				VALIDATE_PRODUCT = YES;
			};
			name = Release;
		};
		4D1095711BFC92390057A343 /* Debug */ = {
			isa = XCBuildConfiguration;
			buildSettings = {
				ASSETCATALOG_COMPILER_APPICON_NAME = AppIcon;
				INFOPLIST_FILE = Supercool/Info.plist;
				LD_RUNPATH_SEARCH_PATHS = "$(inherited) @executable_path/Frameworks";
				PRODUCT_BUNDLE_IDENTIFIER = com.shimmymorris.Supercool;
				PRODUCT_NAME = "$(TARGET_NAME)";
			};
			name = Debug;
		};
		4D1095721BFC92390057A343 /* Release */ = {
			isa = XCBuildConfiguration;
			buildSettings = {
				ASSETCATALOG_COMPILER_APPICON_NAME = AppIcon;
				INFOPLIST_FILE = Supercool/Info.plist;
				LD_RUNPATH_SEARCH_PATHS = "$(inherited) @executable_path/Frameworks";
				PRODUCT_BUNDLE_IDENTIFIER = com.shimmymorris.Supercool;
				PRODUCT_NAME = "$(TARGET_NAME)";
			};
			name = Release;
		};
/* End XCBuildConfiguration section */

/* Begin XCConfigurationList section */
		4D1095591BFC92390057A343 /* Build configuration list for PBXProject "Supercool" */ = {
			isa = XCConfigurationList;
			buildConfigurations = (
				4D10956E1BFC92390057A343 /* Debug */,
				4D10956F1BFC92390057A343 /* Release */,
			);
			defaultConfigurationIsVisible = 0;
			defaultConfigurationName = Release;
		};
		4D1095701BFC92390057A343 /* Build configuration list for PBXNativeTarget "Supercool" */ = {
			isa = XCConfigurationList;
			buildConfigurations = (
				4D1095711BFC92390057A343 /* Debug */,
				4D1095721BFC92390057A343 /* Release */,
			);
			defaultConfigurationIsVisible = 0;
		};
/* End XCConfigurationList section */
	};
	rootObject = 4D1095561BFC92390057A343 /* Project object */;
}
